{
    "etches/README.md": "# Etcher\n\n[![License](https://img.shields.io/badge/License-MIT-green.svg)][license]\n\n[license]: https://github.com/zakstucke/etcher/blob/main/LICENSE.md\n\n[![PyPI](https://img.shields.io/pypi/v/etcher.svg)][pypi status]\n[![Status](https://img.shields.io/pypi/status/etcher.svg)][pypi status]\n[![Python Version](https://img.shields.io/pypi/pyversions/etcher)][pypi status]\n\n[pypi status]: https://pypi.org/project/etcher/\n\nIn-place, continuous templater. Powered by Jinja.\n\n## Installation\n\nCurrent version: `0.0.5`\n\nYou can install _Etcher_ via [pip](https://pip.pypa.io/) from [PyPI](https://pypi.org/):\n\n```console\npip install etcher\n```\n\n## Usage\n\nPlease see the [documentation](https://zakstucke.github.io/etcher) for details.\n\n## Contributing\n\nContributions are very welcome.\nTo learn more, see the [Contributor Guide](CONTRIBUTING.md).\n\n## License\n\nDistributed under the terms of the [MIT license](LICENSE.md),\n_Etcher_ is free and open source software.\n\n## Issues\n\nIf you encounter any problems,\nplease [file an issue](https://github.com/zakstucke/etcher/issues) along with a detailed description.",
    "setup.etch.cfg": "[metadata]\nname = etcher_pre_commit\nversion = 0.0.5\ndescription = Setup for the pre commit hooks\n\n[options]\npackages = find:\ninstall_requires =\n    etcher==0.0.5\npython_requires = >=3.8\n\n[options.entry_points]\nconsole_scripts =\n    etch = etcher.main:cli\n\n[bdist_wheel]\nuniversal = True"
}
