{
    "version": "0.0.12",
    "files": {
        "LICENSE.etch.md": 2448964748,
        "setup.etch.cfg": 2361656082,
        "README.etch.md": 3711536456,
        "docs/index.etch.md": 3711536456,
        "docs/LICENSE.etch.md": 2448964748,
        "docs/CODE_OF_CONDUCT.etch.md": 1599554411,
        "docs/CONTRIBUTING.etch.md": 3828305322,
        "CODE_OF_CONDUCT.etch.md": 1599554411,
        "CONTRIBUTING.etch.md": 3828305322,
        "py_rust/LICENSE.etch.md": 2448964748,
        "py_rust/README.etch.md": 3711536456
    }
}
