{
  "version": "0.0.17",
  "files": {
    "py_rust/README.etch.md": "588513267861536132",
    "docs/CONTRIBUTING.etch.md": "1754084190359291838",
    "setup.etch.cfg": "5494815074323691444",
    "README.etch.md": "588513267861536132",
    "docs/index.etch.md": "588513267861536132",
    "docs/CODE_OF_CONDUCT.etch.md": "6443554439596769371",
    "docs/LICENSE.etch.md": "17124335668056671976",
    "CODE_OF_CONDUCT.etch.md": "6443554439596769371",
    "LICENSE.etch.md": "17124335668056671976",
    "CONTRIBUTING.etch.md": "1754084190359291838",
    "py_rust/LICENSE.etch.md": "17124335668056671976"
  }
}
